
Microsoft Visual Studio Solution File, Format Version 12.00
# Visual Studio Version 17
VisualStudioVersion = 17.14.36705.20
MinimumVisualStudioVersion = 10.0.40219.1
Project("{2150E333-8FDC-42A3-9474-1A3956D46DE8}") = "Services", "Services", "{02EA681E-C7D8-13C7-8484-4AC65E1B71E8}"
EndProject
Project("{2150E333-8FDC-42A3-9474-1A3956D46DE8}") = "Api", "Api", "{26DC63C2-1036-4C2A-BE53-9D77BCFAA7B2}"
EndProject
Project("{2150E333-8FDC-42A3-9474-1A3956D46DE8}") = "Webs", "Webs", "{6229498E-D124-40EF-AE44-4D85C9B4914F}"
EndProject
Project("{2150E333-8FDC-42A3-9474-1A3956D46DE8}") = "Tests", "Tests", "{4E1995EB-3C79-4A8B-A671-E344FA9FCA86}"
EndProject
Project("{2150E333-8FDC-42A3-9474-1A3956D46DE8}") = "Shared", "Shared", "{DCAFF188-9F66-4CBA-96E4-5C01024F16A9}"
EndProject
Project("{FAE04EC0-301F-11D3-BF4B-00C04F79EFBC}") = "Api.Back", "Services\Api\Api\Api.Back.csproj", "{E558A5B4-BCD4-433A-BABE-E1E7174C37B6}"
EndProject
Project("{2150E333-8FDC-42A3-9474-1A3956D46DE8}") = "Api", "Api", "{47171DFE-5C0E-43C4-8A2B-1304BFCA3A7D}"
EndProject
Project("{2150E333-8FDC-42A3-9474-1A3956D46DE8}") = "Admin", "Admin", "{E02797A3-220E-4D06-B070-3A5585982E84}"
EndProject
Project("{54A90642-561A-4BB1-A94E-469ADEE60C69}") = "Api.Front", "Webs\Api\Api\Api.Front.esproj", "{1242D75F-4FFF-E4FC-3AEE-CBD757A828E2}"
EndProject
Project("{FAE04EC0-301F-11D3-BF4B-00C04F79EFBC}") = "Api.Test", "Tests\Api\Api.Test\Api.Test.csproj", "{458B34FA-9ACA-4AA2-8126-28E84E297A6E}"
EndProject
Global
	GlobalSection(SolutionConfigurationPlatforms) = preSolution
		Debug|Any CPU = Debug|Any CPU
		Release|Any CPU = Release|Any CPU
	EndGlobalSection
	GlobalSection(ProjectConfigurationPlatforms) = postSolution
		{E558A5B4-BCD4-433A-BABE-E1E7174C37B6}.Debug|Any CPU.ActiveCfg = Debug|Any CPU
		{E558A5B4-BCD4-433A-BABE-E1E7174C37B6}.Debug|Any CPU.Build.0 = Debug|Any CPU
		{E558A5B4-BCD4-433A-BABE-E1E7174C37B6}.Release|Any CPU.ActiveCfg = Release|Any CPU
		{E558A5B4-BCD4-433A-BABE-E1E7174C37B6}.Release|Any CPU.Build.0 = Release|Any CPU
		{1242D75F-4FFF-E4FC-3AEE-CBD757A828E2}.Debug|Any CPU.ActiveCfg = Debug|Any CPU
		{1242D75F-4FFF-E4FC-3AEE-CBD757A828E2}.Debug|Any CPU.Build.0 = Debug|Any CPU
		{1242D75F-4FFF-E4FC-3AEE-CBD757A828E2}.Debug|Any CPU.Deploy.0 = Debug|Any CPU
		{1242D75F-4FFF-E4FC-3AEE-CBD757A828E2}.Release|Any CPU.ActiveCfg = Release|Any CPU
		{1242D75F-4FFF-E4FC-3AEE-CBD757A828E2}.Release|Any CPU.Build.0 = Release|Any CPU
		{1242D75F-4FFF-E4FC-3AEE-CBD757A828E2}.Release|Any CPU.Deploy.0 = Release|Any CPU
		{458B34FA-9ACA-4AA2-8126-28E84E297A6E}.Debug|Any CPU.ActiveCfg = Debug|Any CPU
		{458B34FA-9ACA-4AA2-8126-28E84E297A6E}.Debug|Any CPU.Build.0 = Debug|Any CPU
		{458B34FA-9ACA-4AA2-8126-28E84E297A6E}.Release|Any CPU.ActiveCfg = Release|Any CPU
		{458B34FA-9ACA-4AA2-8126-28E84E297A6E}.Release|Any CPU.Build.0 = Release|Any CPU
	EndGlobalSection
	GlobalSection(SolutionProperties) = preSolution
		HideSolutionNode = FALSE
	EndGlobalSection
	GlobalSection(NestedProjects) = preSolution
		{26DC63C2-1036-4C2A-BE53-9D77BCFAA7B2} = {02EA681E-C7D8-13C7-8484-4AC65E1B71E8}
		{DCAFF188-9F66-4CBA-96E4-5C01024F16A9} = {02EA681E-C7D8-13C7-8484-4AC65E1B71E8}
		{E558A5B4-BCD4-433A-BABE-E1E7174C37B6} = {26DC63C2-1036-4C2A-BE53-9D77BCFAA7B2}
		{47171DFE-5C0E-43C4-8A2B-1304BFCA3A7D} = {6229498E-D124-40EF-AE44-4D85C9B4914F}
		{E02797A3-220E-4D06-B070-3A5585982E84} = {6229498E-D124-40EF-AE44-4D85C9B4914F}
		{1242D75F-4FFF-E4FC-3AEE-CBD757A828E2} = {47171DFE-5C0E-43C4-8A2B-1304BFCA3A7D}
		{458B34FA-9ACA-4AA2-8126-28E84E297A6E} = {4E1995EB-3C79-4A8B-A671-E344FA9FCA86}
	EndGlobalSection
	GlobalSection(ExtensibilityGlobals) = postSolution
		SolutionGuid = {772B1599-70AB-464C-935F-F1EC4E9AB749}
	EndGlobalSection
EndGlobal
